
Microsoft Visual Studio Solution File, Format Version 12.00
# Visual Studio Version 17
VisualStudioVersion = 17.9.34723.18
MinimumVisualStudioVersion = 10.0.40219.1
Project("{9A19103F-16F7-4668-BE54-9A1E7A4F7556}") = "BuildingBlock", "src\BuildingBlock\BuildingBlock.csproj", "{D3EE71DB-ADA6-4858-B692-5BB7CF9912CB}"
EndProject
Project("{2150E333-8FDC-42A3-9474-1A3956D46DE8}") = "SolutionItems", "src\SolutionItems", "{921780BC-61BF-4F89-9A2A-92EC9B7C3D15}"
	ProjectSection(SolutionItems) = preProject
		src\docker-compose.override.yml = src\docker-compose.override.yml
		src\docker-compose.yml = src\docker-compose.yml
	EndProjectSection
EndProject
Project("{2150E333-8FDC-42A3-9474-1A3956D46DE8}") = "src", "src", "{DF392159-3094-44E6-BDA3-C179AB692368}"
EndProject
Project("{9A19103F-16F7-4668-BE54-9A1E7A4F7556}") = "NguyenTienLinh", "src\NguyenTienLinh\NguyenTienLinh.csproj", "{AE38F8B2-856D-4E5E-A652-46DDB602A1DD}"
EndProject
Project("{9A19103F-16F7-4668-BE54-9A1E7A4F7556}") = "WebApp", "src\WebApp\WebApp.csproj", "{A6F61508-117C-4CF7-988C-1B5D7DD470D4}"
EndProject
Global
	GlobalSection(SolutionConfigurationPlatforms) = preSolution
		Debug|Any CPU = Debug|Any CPU
		Release|Any CPU = Release|Any CPU
	EndGlobalSection
	GlobalSection(ProjectConfigurationPlatforms) = postSolution
		{D3EE71DB-ADA6-4858-B692-5BB7CF9912CB}.Debug|Any CPU.ActiveCfg = Debug|Any CPU
		{D3EE71DB-ADA6-4858-B692-5BB7CF9912CB}.Debug|Any CPU.Build.0 = Debug|Any CPU
		{D3EE71DB-ADA6-4858-B692-5BB7CF9912CB}.Release|Any CPU.ActiveCfg = Release|Any CPU
		{D3EE71DB-ADA6-4858-B692-5BB7CF9912CB}.Release|Any CPU.Build.0 = Release|Any CPU
		{AE38F8B2-856D-4E5E-A652-46DDB602A1DD}.Debug|Any CPU.ActiveCfg = Debug|Any CPU
		{AE38F8B2-856D-4E5E-A652-46DDB602A1DD}.Debug|Any CPU.Build.0 = Debug|Any CPU
		{AE38F8B2-856D-4E5E-A652-46DDB602A1DD}.Release|Any CPU.ActiveCfg = Release|Any CPU
		{AE38F8B2-856D-4E5E-A652-46DDB602A1DD}.Release|Any CPU.Build.0 = Release|Any CPU
		{A6F61508-117C-4CF7-988C-1B5D7DD470D4}.Debug|Any CPU.ActiveCfg = Debug|Any CPU
		{A6F61508-117C-4CF7-988C-1B5D7DD470D4}.Debug|Any CPU.Build.0 = Debug|Any CPU
		{A6F61508-117C-4CF7-988C-1B5D7DD470D4}.Release|Any CPU.ActiveCfg = Release|Any CPU
		{A6F61508-117C-4CF7-988C-1B5D7DD470D4}.Release|Any CPU.Build.0 = Release|Any CPU
	EndGlobalSection
	GlobalSection(SolutionProperties) = preSolution
		HideSolutionNode = FALSE
	EndGlobalSection
	GlobalSection(NestedProjects) = preSolution
		{AE38F8B2-856D-4E5E-A652-46DDB602A1DD} = {DF392159-3094-44E6-BDA3-C179AB692368}
		{A6F61508-117C-4CF7-988C-1B5D7DD470D4} = {DF392159-3094-44E6-BDA3-C179AB692368}
	EndGlobalSection
	GlobalSection(ExtensibilityGlobals) = postSolution
		SolutionGuid = {4473EDC2-B23E-4A1E-AFD9-C5CCD9458E72}
	EndGlobalSection
EndGlobal
