
Microsoft Visual Studio Solution File, Format Version 12.00
# Visual Studio Version 17
VisualStudioVersion = 17.8.34309.116
MinimumVisualStudioVersion = 10.0.40219.1
Project("{9A19103F-16F7-4668-BE54-9A1E7A4F7556}") = "NguyenTienLinh", "NguyenTienLinh.csproj", "{B7D33925-73D6-463A-872C-8532329E71E8}"
EndProject
Project("{FAE04EC0-301F-11D3-BF4B-00C04F79EFBC}") = "NguyenTienLinhWebApp", "..\NguyenTienLinhWebApp\NguyenTienLinhWebApp.csproj", "{B5352FD0-5AD2-4F02-B744-087090DF1768}"
EndProject
Global
	GlobalSection(SolutionConfigurationPlatforms) = preSolution
		Debug|Any CPU = Debug|Any CPU
		Release|Any CPU = Release|Any CPU
	EndGlobalSection
	GlobalSection(ProjectConfigurationPlatforms) = postSolution
		{B7D33925-73D6-463A-872C-8532329E71E8}.Debug|Any CPU.ActiveCfg = Debug|Any CPU
		{B7D33925-73D6-463A-872C-8532329E71E8}.Debug|Any CPU.Build.0 = Debug|Any CPU
		{B7D33925-73D6-463A-872C-8532329E71E8}.Release|Any CPU.ActiveCfg = Release|Any CPU
		{B7D33925-73D6-463A-872C-8532329E71E8}.Release|Any CPU.Build.0 = Release|Any CPU
		{B5352FD0-5AD2-4F02-B744-087090DF1768}.Debug|Any CPU.ActiveCfg = Debug|Any CPU
		{B5352FD0-5AD2-4F02-B744-087090DF1768}.Debug|Any CPU.Build.0 = Debug|Any CPU
		{B5352FD0-5AD2-4F02-B744-087090DF1768}.Release|Any CPU.ActiveCfg = Release|Any CPU
		{B5352FD0-5AD2-4F02-B744-087090DF1768}.Release|Any CPU.Build.0 = Release|Any CPU
	EndGlobalSection
	GlobalSection(SolutionProperties) = preSolution
		HideSolutionNode = FALSE
	EndGlobalSection
	GlobalSection(ExtensibilityGlobals) = postSolution
		SolutionGuid = {A2E93646-AFB8-4F99-822D-1DCEBD7369FC}
	EndGlobalSection
EndGlobal
